// !$*UTF8*$!
{
	archiveVersion = 1;
	classes = {
	};
	objectVersion = 56;
	objects = {

/* Begin PBXBuildFile section */
		B71AC1422CEC1109007B75F2 /* Sesion2App.swift in Sources */ = {isa = PBXBuildFile; fileRef = B71AC1412CEC1109007B75F2 /* Sesion2App.swift */; };
		B71AC1442CEC1109007B75F2 /* ContentView.swift in Sources */ = {isa = PBXBuildFile; fileRef = B71AC1432CEC1109007B75F2 /* ContentView.swift */; };
		B71AC1462CEC110B007B75F2 /* Assets.xcassets in Resources */ = {isa = PBXBuildFile; fileRef = B71AC1452CEC110B007B75F2 /* Assets.xcassets */; };
		B71AC1492CEC110B007B75F2 /* Preview Assets.xcassets in Resources */ = {isa = PBXBuildFile; fileRef = B71AC1482CEC110B007B75F2 /* Preview Assets.xcassets */; };
		B71AC1502CEC1380007B75F2 /* ContentView00.swift in Sources */ = {isa = PBXBuildFile; fileRef = B71AC14F2CEC1380007B75F2 /* ContentView00.swift */; };
		B71AC1522CEC1720007B75F2 /* ContenView01.swift in Sources */ = {isa = PBXBuildFile; fileRef = B71AC1512CEC1720007B75F2 /* ContenView01.swift */; };
		B71AC1542CEC1B2C007B75F2 /* ContentView02.swift in Sources */ = {isa = PBXBuildFile; fileRef = B71AC1532CEC1B2C007B75F2 /* ContentView02.swift */; };
		B71AC1562CEC1E66007B75F2 /* ContentState00View.swift in Sources */ = {isa = PBXBuildFile; fileRef = B71AC1552CEC1E66007B75F2 /* ContentState00View.swift */; };
		B71AC1582CEC2537007B75F2 /* ContadorView.swift in Sources */ = {isa = PBXBuildFile; fileRef = B71AC1572CEC2537007B75F2 /* ContadorView.swift */; };
		B71AC15A2CEC2A90007B75F2 /* TareasView.swift in Sources */ = {isa = PBXBuildFile; fileRef = B71AC1592CEC2A90007B75F2 /* TareasView.swift */; };
		B71AC15C2CEC2A9C007B75F2 /* ListaTareasView.swift in Sources */ = {isa = PBXBuildFile; fileRef = B71AC15B2CEC2A9C007B75F2 /* ListaTareasView.swift */; };
		B71AC15E2CEC2F7F007B75F2 /* ListaTareas02View.swift in Sources */ = {isa = PBXBuildFile; fileRef = B71AC15D2CEC2F7F007B75F2 /* ListaTareas02View.swift */; };
/* End PBXBuildFile section */

/* Begin PBXFileReference section */
		B71AC13E2CEC1109007B75F2 /* Sesion2.app */ = {isa = PBXFileReference; explicitFileType = wrapper.application; includeInIndex = 0; path = Sesion2.app; sourceTree = BUILT_PRODUCTS_DIR; };
		B71AC1412CEC1109007B75F2 /* Sesion2App.swift */ = {isa = PBXFileReference; lastKnownFileType = sourcecode.swift; path = Sesion2App.swift; sourceTree = "<group>"; };
		B71AC1432CEC1109007B75F2 /* ContentView.swift */ = {isa = PBXFileReference; lastKnownFileType = sourcecode.swift; path = ContentView.swift; sourceTree = "<group>"; };
		B71AC1452CEC110B007B75F2 /* Assets.xcassets */ = {isa = PBXFileReference; lastKnownFileType = folder.assetcatalog; path = Assets.xcassets; sourceTree = "<group>"; };
		B71AC1482CEC110B007B75F2 /* Preview Assets.xcassets */ = {isa = PBXFileReference; lastKnownFileType = folder.assetcatalog; path = "Preview Assets.xcassets"; sourceTree = "<group>"; };
		B71AC14F2CEC1380007B75F2 /* ContentView00.swift */ = {isa = PBXFileReference; lastKnownFileType = sourcecode.swift; path = ContentView00.swift; sourceTree = "<group>"; };
		B71AC1512CEC1720007B75F2 /* ContenView01.swift */ = {isa = PBXFileReference; lastKnownFileType = sourcecode.swift; path = ContenView01.swift; sourceTree = "<group>"; };
		B71AC1532CEC1B2C007B75F2 /* ContentView02.swift */ = {isa = PBXFileReference; lastKnownFileType = sourcecode.swift; path = ContentView02.swift; sourceTree = "<group>"; };
		B71AC1552CEC1E66007B75F2 /* ContentState00View.swift */ = {isa = PBXFileReference; lastKnownFileType = sourcecode.swift; path = ContentState00View.swift; sourceTree = "<group>"; };
		B71AC1572CEC2537007B75F2 /* ContadorView.swift */ = {isa = PBXFileReference; lastKnownFileType = sourcecode.swift; path = ContadorView.swift; sourceTree = "<group>"; };
		B71AC1592CEC2A90007B75F2 /* TareasView.swift */ = {isa = PBXFileReference; lastKnownFileType = sourcecode.swift; path = TareasView.swift; sourceTree = "<group>"; };
		B71AC15B2CEC2A9C007B75F2 /* ListaTareasView.swift */ = {isa = PBXFileReference; lastKnownFileType = sourcecode.swift; path = ListaTareasView.swift; sourceTree = "<group>"; };
		B71AC15D2CEC2F7F007B75F2 /* ListaTareas02View.swift */ = {isa = PBXFileReference; lastKnownFileType = sourcecode.swift; path = ListaTareas02View.swift; sourceTree = "<group>"; };
/* End PBXFileReference section */

/* Begin PBXFrameworksBuildPhase section */
		B71AC13B2CEC1109007B75F2 /* Frameworks */ = {
			isa = PBXFrameworksBuildPhase;
			buildActionMask = 2147483647;
			files = (
			);
			runOnlyForDeploymentPostprocessing = 0;
		};
/* End PBXFrameworksBuildPhase section */

/* Begin PBXGroup section */
		B71AC1352CEC1109007B75F2 = {
			isa = PBXGroup;
			children = (
				B71AC1402CEC1109007B75F2 /* Sesion2 */,
				B71AC13F2CEC1109007B75F2 /* Products */,
			);
			sourceTree = "<group>";
		};
		B71AC13F2CEC1109007B75F2 /* Products */ = {
			isa = PBXGroup;
			children = (
				B71AC13E2CEC1109007B75F2 /* Sesion2.app */,
			);
			name = Products;
			sourceTree = "<group>";
		};
		B71AC1402CEC1109007B75F2 /* Sesion2 */ = {
			isa = PBXGroup;
			children = (
				B71AC1412CEC1109007B75F2 /* Sesion2App.swift */,
				B71AC1432CEC1109007B75F2 /* ContentView.swift */,
				B71AC1452CEC110B007B75F2 /* Assets.xcassets */,
				B71AC1472CEC110B007B75F2 /* Preview Content */,
				B71AC14F2CEC1380007B75F2 /* ContentView00.swift */,
				B71AC1512CEC1720007B75F2 /* ContenView01.swift */,
				B71AC1532CEC1B2C007B75F2 /* ContentView02.swift */,
				B71AC1552CEC1E66007B75F2 /* ContentState00View.swift */,
				B71AC1572CEC2537007B75F2 /* ContadorView.swift */,
				B71AC1592CEC2A90007B75F2 /* TareasView.swift */,
				B71AC15B2CEC2A9C007B75F2 /* ListaTareasView.swift */,
				B71AC15D2CEC2F7F007B75F2 /* ListaTareas02View.swift */,
			);
			path = Sesion2;
			sourceTree = "<group>";
		};
		B71AC1472CEC110B007B75F2 /* Preview Content */ = {
			isa = PBXGroup;
			children = (
				B71AC1482CEC110B007B75F2 /* Preview Assets.xcassets */,
			);
			path = "Preview Content";
			sourceTree = "<group>";
		};
/* End PBXGroup section */

/* Begin PBXNativeTarget section */
		B71AC13D2CEC1109007B75F2 /* Sesion2 */ = {
			isa = PBXNativeTarget;
			buildConfigurationList = B71AC14C2CEC110B007B75F2 /* Build configuration list for PBXNativeTarget "Sesion2" */;
			buildPhases = (
				B71AC13A2CEC1109007B75F2 /* Sources */,
				B71AC13B2CEC1109007B75F2 /* Frameworks */,
				B71AC13C2CEC1109007B75F2 /* Resources */,
			);
			buildRules = (
			);
			dependencies = (
			);
			name = Sesion2;
			productName = Sesion2;
			productReference = B71AC13E2CEC1109007B75F2 /* Sesion2.app */;
			productType = "com.apple.product-type.application";
		};
/* End PBXNativeTarget section */

/* Begin PBXProject section */
		B71AC1362CEC1109007B75F2 /* Project object */ = {
			isa = PBXProject;
			attributes = {
				BuildIndependentTargetsInParallel = 1;
				LastSwiftUpdateCheck = 1400;
				LastUpgradeCheck = 1400;
				TargetAttributes = {
					B71AC13D2CEC1109007B75F2 = {
						CreatedOnToolsVersion = 14.0;
					};
				};
			};
			buildConfigurationList = B71AC1392CEC1109007B75F2 /* Build configuration list for PBXProject "Sesion2" */;
			compatibilityVersion = "Xcode 14.0";
			developmentRegion = en;
			hasScannedForEncodings = 0;
			knownRegions = (
				en,
				Base,
			);
			mainGroup = B71AC1352CEC1109007B75F2;
			productRefGroup = B71AC13F2CEC1109007B75F2 /* Products */;
			projectDirPath = "";
			projectRoot = "";
			targets = (
				B71AC13D2CEC1109007B75F2 /* Sesion2 */,
			);
		};
/* End PBXProject section */

/* Begin PBXResourcesBuildPhase section */
		B71AC13C2CEC1109007B75F2 /* Resources */ = {
			isa = PBXResourcesBuildPhase;
			buildActionMask = 2147483647;
			files = (
				B71AC1492CEC110B007B75F2 /* Preview Assets.xcassets in Resources */,
				B71AC1462CEC110B007B75F2 /* Assets.xcassets in Resources */,
			);
			runOnlyForDeploymentPostprocessing = 0;
		};
/* End PBXResourcesBuildPhase section */

/* Begin PBXSourcesBuildPhase section */
		B71AC13A2CEC1109007B75F2 /* Sources */ = {
			isa = PBXSourcesBuildPhase;
			buildActionMask = 2147483647;
			files = (
				B71AC1522CEC1720007B75F2 /* ContenView01.swift in Sources */,
				B71AC1442CEC1109007B75F2 /* ContentView.swift in Sources */,
				B71AC15E2CEC2F7F007B75F2 /* ListaTareas02View.swift in Sources */,
				B71AC1562CEC1E66007B75F2 /* ContentState00View.swift in Sources */,
				B71AC1422CEC1109007B75F2 /* Sesion2App.swift in Sources */,
				B71AC1542CEC1B2C007B75F2 /* ContentView02.swift in Sources */,
				B71AC1502CEC1380007B75F2 /* ContentView00.swift in Sources */,
				B71AC15A2CEC2A90007B75F2 /* TareasView.swift in Sources */,
				B71AC1582CEC2537007B75F2 /* ContadorView.swift in Sources */,
				B71AC15C2CEC2A9C007B75F2 /* ListaTareasView.swift in Sources */,
			);
			runOnlyForDeploymentPostprocessing = 0;
		};
/* End PBXSourcesBuildPhase section */

/* Begin XCBuildConfiguration section */
		B71AC14A2CEC110B007B75F2 /* Debug */ = {
			isa = XCBuildConfiguration;
			buildSettings = {
				ALWAYS_SEARCH_USER_PATHS = NO;
				CLANG_ANALYZER_NONNULL = YES;
				CLANG_ANALYZER_NUMBER_OBJECT_CONVERSION = YES_AGGRESSIVE;
				CLANG_CXX_LANGUAGE_STANDARD = "gnu++20";
				CLANG_ENABLE_MODULES = YES;
				CLANG_ENABLE_OBJC_ARC = YES;
				CLANG_ENABLE_OBJC_WEAK = YES;
				CLANG_WARN_BLOCK_CAPTURE_AUTORELEASING = YES;
				CLANG_WARN_BOOL_CONVERSION = YES;
				CLANG_WARN_COMMA = YES;
				CLANG_WARN_CONSTANT_CONVERSION = YES;
				CLANG_WARN_DEPRECATED_OBJC_IMPLEMENTATIONS = YES;
				CLANG_WARN_DIRECT_OBJC_ISA_USAGE = YES_ERROR;
				CLANG_WARN_DOCUMENTATION_COMMENTS = YES;
				CLANG_WARN_EMPTY_BODY = YES;
				CLANG_WARN_ENUM_CONVERSION = YES;
				CLANG_WARN_INFINITE_RECURSION = YES;
				CLANG_WARN_INT_CONVERSION = YES;
				CLANG_WARN_NON_LITERAL_NULL_CONVERSION = YES;
				CLANG_WARN_OBJC_IMPLICIT_RETAIN_SELF = YES;
				CLANG_WARN_OBJC_LITERAL_CONVERSION = YES;
				CLANG_WARN_OBJC_ROOT_CLASS = YES_ERROR;
				CLANG_WARN_QUOTED_INCLUDE_IN_FRAMEWORK_HEADER = YES;
				CLANG_WARN_RANGE_LOOP_ANALYSIS = YES;
				CLANG_WARN_STRICT_PROTOTYPES = YES;
				CLANG_WARN_SUSPICIOUS_MOVE = YES;
				CLANG_WARN_UNGUARDED_AVAILABILITY = YES_AGGRESSIVE;
				CLANG_WARN_UNREACHABLE_CODE = YES;
				CLANG_WARN__DUPLICATE_METHOD_MATCH = YES;
				COPY_PHASE_STRIP = NO;
				DEBUG_INFORMATION_FORMAT = dwarf;
				ENABLE_STRICT_OBJC_MSGSEND = YES;
				ENABLE_TESTABILITY = YES;
				GCC_C_LANGUAGE_STANDARD = gnu11;
				GCC_DYNAMIC_NO_PIC = NO;
				GCC_NO_COMMON_BLOCKS = YES;
				GCC_OPTIMIZATION_LEVEL = 0;
				GCC_PREPROCESSOR_DEFINITIONS = (
					"DEBUG=1",
					"$(inherited)",
				);
				GCC_WARN_64_TO_32_BIT_CONVERSION = YES;
				GCC_WARN_ABOUT_RETURN_TYPE = YES_ERROR;
				GCC_WARN_UNDECLARED_SELECTOR = YES;
				GCC_WARN_UNINITIALIZED_AUTOS = YES_AGGRESSIVE;
				GCC_WARN_UNUSED_FUNCTION = YES;
				GCC_WARN_UNUSED_VARIABLE = YES;
				IPHONEOS_DEPLOYMENT_TARGET = 16.0;
				MTL_ENABLE_DEBUG_INFO = INCLUDE_SOURCE;
				MTL_FAST_MATH = YES;
				ONLY_ACTIVE_ARCH = YES;
				SDKROOT = iphoneos;
				SWIFT_ACTIVE_COMPILATION_CONDITIONS = DEBUG;
				SWIFT_OPTIMIZATION_LEVEL = "-Onone";
			};
			name = Debug;
		};
		B71AC14B2CEC110B007B75F2 /* Release */ = {
			isa = XCBuildConfiguration;
			buildSettings = {
				ALWAYS_SEARCH_USER_PATHS = NO;
				CLANG_ANALYZER_NONNULL = YES;
				CLANG_ANALYZER_NUMBER_OBJECT_CONVERSION = YES_AGGRESSIVE;
				CLANG_CXX_LANGUAGE_STANDARD = "gnu++20";
				CLANG_ENABLE_MODULES = YES;
				CLANG_ENABLE_OBJC_ARC = YES;
				CLANG_ENABLE_OBJC_WEAK = YES;
				CLANG_WARN_BLOCK_CAPTURE_AUTORELEASING = YES;
				CLANG_WARN_BOOL_CONVERSION = YES;
				CLANG_WARN_COMMA = YES;
				CLANG_WARN_CONSTANT_CONVERSION = YES;
				CLANG_WARN_DEPRECATED_OBJC_IMPLEMENTATIONS = YES;
				CLANG_WARN_DIRECT_OBJC_ISA_USAGE = YES_ERROR;
				CLANG_WARN_DOCUMENTATION_COMMENTS = YES;
				CLANG_WARN_EMPTY_BODY = YES;
				CLANG_WARN_ENUM_CONVERSION = YES;
				CLANG_WARN_INFINITE_RECURSION = YES;
				CLANG_WARN_INT_CONVERSION = YES;
				CLANG_WARN_NON_LITERAL_NULL_CONVERSION = YES;
				CLANG_WARN_OBJC_IMPLICIT_RETAIN_SELF = YES;
				CLANG_WARN_OBJC_LITERAL_CONVERSION = YES;
				CLANG_WARN_OBJC_ROOT_CLASS = YES_ERROR;
				CLANG_WARN_QUOTED_INCLUDE_IN_FRAMEWORK_HEADER = YES;
				CLANG_WARN_RANGE_LOOP_ANALYSIS = YES;
				CLANG_WARN_STRICT_PROTOTYPES = YES;
				CLANG_WARN_SUSPICIOUS_MOVE = YES;
				CLANG_WARN_UNGUARDED_AVAILABILITY = YES_AGGRESSIVE;
				CLANG_WARN_UNREACHABLE_CODE = YES;
				CLANG_WARN__DUPLICATE_METHOD_MATCH = YES;
				COPY_PHASE_STRIP = NO;
				DEBUG_INFORMATION_FORMAT = "dwarf-with-dsym";
				ENABLE_NS_ASSERTIONS = NO;
				ENABLE_STRICT_OBJC_MSGSEND = YES;
				GCC_C_LANGUAGE_STANDARD = gnu11;
				GCC_NO_COMMON_BLOCKS = YES;
				GCC_WARN_64_TO_32_BIT_CONVERSION = YES;
				GCC_WARN_ABOUT_RETURN_TYPE = YES_ERROR;
				GCC_WARN_UNDECLARED_SELECTOR = YES;
				GCC_WARN_UNINITIALIZED_AUTOS = YES_AGGRESSIVE;
				GCC_WARN_UNUSED_FUNCTION = YES;
				GCC_WARN_UNUSED_VARIABLE = YES;
				IPHONEOS_DEPLOYMENT_TARGET = 16.0;
				MTL_ENABLE_DEBUG_INFO = NO;
				MTL_FAST_MATH = YES;
				SDKROOT = iphoneos;
				SWIFT_COMPILATION_MODE = wholemodule;
				SWIFT_OPTIMIZATION_LEVEL = "-O";
				VALIDATE_PRODUCT = YES;
			};
			name = Release;
		};
		B71AC14D2CEC110B007B75F2 /* Debug */ = {
			isa = XCBuildConfiguration;
			buildSettings = {
				ASSETCATALOG_COMPILER_APPICON_NAME = AppIcon;
				ASSETCATALOG_COMPILER_GLOBAL_ACCENT_COLOR_NAME = AccentColor;
				CODE_SIGN_STYLE = Automatic;
				CURRENT_PROJECT_VERSION = 1;
				DEVELOPMENT_ASSET_PATHS = "\"Sesion2/Preview Content\"";
				ENABLE_PREVIEWS = YES;
				GENERATE_INFOPLIST_FILE = YES;
				INFOPLIST_KEY_UIApplicationSceneManifest_Generation = YES;
				INFOPLIST_KEY_UIApplicationSupportsIndirectInputEvents = YES;
				INFOPLIST_KEY_UILaunchScreen_Generation = YES;
				INFOPLIST_KEY_UISupportedInterfaceOrientations_iPad = "UIInterfaceOrientationPortrait UIInterfaceOrientationPortraitUpsideDown UIInterfaceOrientationLandscapeLeft UIInterfaceOrientationLandscapeRight";
				INFOPLIST_KEY_UISupportedInterfaceOrientations_iPhone = "UIInterfaceOrientationPortrait UIInterfaceOrientationLandscapeLeft UIInterfaceOrientationLandscapeRight";
				LD_RUNPATH_SEARCH_PATHS = (
					"$(inherited)",
					"@executable_path/Frameworks",
				);
				MARKETING_VERSION = 1.0;
				PRODUCT_BUNDLE_IDENTIFIER = com.cibertec.Sesion2;
				PRODUCT_NAME = "$(TARGET_NAME)";
				SWIFT_EMIT_LOC_STRINGS = YES;
				SWIFT_VERSION = 5.0;
				TARGETED_DEVICE_FAMILY = "1,2";
			};
			name = Debug;
		};
		B71AC14E2CEC110B007B75F2 /* Release */ = {
			isa = XCBuildConfiguration;
			buildSettings = {
				ASSETCATALOG_COMPILER_APPICON_NAME = AppIcon;
				ASSETCATALOG_COMPILER_GLOBAL_ACCENT_COLOR_NAME = AccentColor;
				CODE_SIGN_STYLE = Automatic;
				CURRENT_PROJECT_VERSION = 1;
				DEVELOPMENT_ASSET_PATHS = "\"Sesion2/Preview Content\"";
				ENABLE_PREVIEWS = YES;
				GENERATE_INFOPLIST_FILE = YES;
				INFOPLIST_KEY_UIApplicationSceneManifest_Generation = YES;
				INFOPLIST_KEY_UIApplicationSupportsIndirectInputEvents = YES;
				INFOPLIST_KEY_UILaunchScreen_Generation = YES;
				INFOPLIST_KEY_UISupportedInterfaceOrientations_iPad = "UIInterfaceOrientationPortrait UIInterfaceOrientationPortraitUpsideDown UIInterfaceOrientationLandscapeLeft UIInterfaceOrientationLandscapeRight";
				INFOPLIST_KEY_UISupportedInterfaceOrientations_iPhone = "UIInterfaceOrientationPortrait UIInterfaceOrientationLandscapeLeft UIInterfaceOrientationLandscapeRight";
				LD_RUNPATH_SEARCH_PATHS = (
					"$(inherited)",
					"@executable_path/Frameworks",
				);
				MARKETING_VERSION = 1.0;
				PRODUCT_BUNDLE_IDENTIFIER = com.cibertec.Sesion2;
				PRODUCT_NAME = "$(TARGET_NAME)";
				SWIFT_EMIT_LOC_STRINGS = YES;
				SWIFT_VERSION = 5.0;
				TARGETED_DEVICE_FAMILY = "1,2";
			};
			name = Release;
		};
/* End XCBuildConfiguration section */

/* Begin XCConfigurationList section */
		B71AC1392CEC1109007B75F2 /* Build configuration list for PBXProject "Sesion2" */ = {
			isa = XCConfigurationList;
			buildConfigurations = (
				B71AC14A2CEC110B007B75F2 /* Debug */,
				B71AC14B2CEC110B007B75F2 /* Release */,
			);
			defaultConfigurationIsVisible = 0;
			defaultConfigurationName = Release;
		};
		B71AC14C2CEC110B007B75F2 /* Build configuration list for PBXNativeTarget "Sesion2" */ = {
			isa = XCConfigurationList;
			buildConfigurations = (
				B71AC14D2CEC110B007B75F2 /* Debug */,
				B71AC14E2CEC110B007B75F2 /* Release */,
			);
			defaultConfigurationIsVisible = 0;
			defaultConfigurationName = Release;
		};
/* End XCConfigurationList section */
	};
	rootObject = B71AC1362CEC1109007B75F2 /* Project object */;
}
